
Microsoft Visual Studio Solution File, Format Version 12.00
# Visual Studio Version 17
VisualStudioVersion = 17.9.34728.123
MinimumVisualStudioVersion = 10.0.40219.1
Project("{FAE04EC0-301F-11D3-BF4B-00C04F79EFBC}") = "Casino", "Casino\Casino.csproj", "{D40D61A8-7FB4-421F-AADB-B74451A61DE4}"
EndProject
Global
	GlobalSection(SolutionConfigurationPlatforms) = preSolution
		Debug|Any CPU = Debug|Any CPU
		Release|Any CPU = Release|Any CPU
	EndGlobalSection
	GlobalSection(ProjectConfigurationPlatforms) = postSolution
		{D40D61A8-7FB4-421F-AADB-B74451A61DE4}.Debug|Any CPU.ActiveCfg = Debug|Any CPU
		{D40D61A8-7FB4-421F-AADB-B74451A61DE4}.Debug|Any CPU.Build.0 = Debug|Any CPU
		{D40D61A8-7FB4-421F-AADB-B74451A61DE4}.Release|Any CPU.ActiveCfg = Release|Any CPU
		{D40D61A8-7FB4-421F-AADB-B74451A61DE4}.Release|Any CPU.Build.0 = Release|Any CPU
	EndGlobalSection
	GlobalSection(SolutionProperties) = preSolution
		HideSolutionNode = FALSE
	EndGlobalSection
	GlobalSection(ExtensibilityGlobals) = postSolution
		SolutionGuid = {C1A78D93-DB43-4602-8936-EB94243226EE}
	EndGlobalSection
EndGlobal
